[{<<"chalang">>,
  {git,"https://github.com/zack-bitcoin/chalang",
       {ref,"b828817011f75da3a244c4028514cf4ec853a1e4"}},
  0},
 {<<"cowboy">>,
  {git,"https://github.com/ninenines/cowboy.git",
       {ref,"d08c2ab39d38c181abda279d5c2cadfac33a50c1"}},
  0},
 {<<"cowlib">>,
  {git,"https://github.com/ninenines/cowlib.git",
       {ref,"d544a494af4dbc810fc9c15eaf5cc050cced1501"}},
  1},
 {<<"dump">>,
  {git,"https://github.com/BumblebeeBat/dump",
       {ref,"ef998b753fc8a80210cc12c991865d4bf842ea4f"}},
  1},
 {<<"encrypter">>,
  {git,"https://github.com/zack-bitcoin/encrypter",
       {ref,"7e5fc48f2b5bf236cae99ba69740881f84a99ab3"}},
  2},
 {<<"jiffy">>,
  {git,"https://github.com/davisp/jiffy",
       {ref,"1febce3ca86c5ca5d5a3618ed3d5f125bb99e4c5"}},
  0},
 {<<"pink_hash">>,
  {git,"https://github.com/BumblebeeBat/pink_crypto",
       {ref,"3c4b828ab357afe34dd6d52d304e467e4bb8d285"}},
  1},
 {<<"ranch">>,
  {git,"https://github.com/ninenines/ranch.git",
       {ref,"adf1822defc2b7cfdc7aca112adabfa1d614043c"}},
  1}%,
 %{<<"trie">>,
  %{git,"https://github.com/BumblebeeBat/MerkleTrie",
  %     {ref,"2c05fb8c273b40860f5ef52a50287c16f21bc256"}},
  %0}
	].
