{"1.1.0",
[{<<"chalang">>,
  {git,"https://github.com/aeternity/chalang",
       {ref,"cc6c4aaad45c85689c0da95a253503f1aeff3b9a"}},
  0},
 {<<"cowboy">>,
  {git,"https://github.com/ninenines/cowboy.git",
       {ref,"d08c2ab39d38c181abda279d5c2cadfac33a50c1"}},
  0},
 {<<"cowlib">>,
  {git,"https://github.com/ninenines/cowlib.git",
       {ref,"d544a494af4dbc810fc9c15eaf5cc050cced1501"}},
  1},
 {<<"dump">>,
  {git,"https://github.com/aeternity/dump",
       {ref,"c95a32228880142019766460a0fa5bd792ce176f"}},
  1},
 {<<"encrypter">>,
  {git,"https://github.com/aeternity/encrypter",
       {ref,"191d0635cb4f243516d45c0885222291e39dd431"}},
  2},
 {<<"goldrush">>,{pkg,<<"goldrush">>,<<"0.1.9">>},1},
 {<<"jesse">>,
  {git,"https://github.com/for-GET/jesse.git",
       {ref,"dd40e210216bdab96549bcd105410c4d1d93d248"}},
  0},
 {<<"jiffy">>,
  {git,"https://github.com/davisp/jiffy",
       {ref,"1febce3ca86c5ca5d5a3618ed3d5f125bb99e4c5"}},
  0},
 {<<"jsx">>,
  {git,"https://github.com/talentdeficit/jsx.git",
       {ref,"3074d4865b3385a050badf7828ad31490d860df5"}},
  0},
 {<<"lager">>,
  {git,"https://github.com/erlang-lager/lager.git",
       {ref,"c3970a99131c7c73de7eba3c2a569806fe47e40a"}},
  0},
 {<<"pink_hash">>,
  {git,"https://github.com/aeternity/pink_crypto",
       {ref,"761d3db87d9ce6f9f0fa4d13cb1488b6ae2218e5"}},
  1},
 {<<"ranch">>,
  {git,"https://github.com/ninenines/ranch.git",
       {ref,"adf1822defc2b7cfdc7aca112adabfa1d614043c"}},
  1},
 {<<"rfc3339">>,
  {git,"git://github.com/andreineculau/rfc3339.git",
       {ref,"dcc77d66430490620677de8140a3415dfbd3fa61"}},
  1},
 {<<"trie">>,
  {git,"https://github.com/aeternity/MerkleTrie",
       {ref,"cb75e51fa364740f5e4cd3acb48bc263744b0b6a"}},
  0}]}.
[
{pkg_hash,[
 {<<"goldrush">>, <<"F06E5D5F1277DA5C413E84D5A2924174182FB108DABB39D5EC548B27424CD106">>}]}
].
